
Microsoft Visual Studio Solution File, Format Version 12.00
# Visual Studio Version 17
VisualStudioVersion = 17.11.35312.102
MinimumVisualStudioVersion = 10.0.40219.1
Project("{FAE04EC0-301F-11D3-BF4B-00C04F79EFBC}") = "WebThiThuBangLaiOnline", "WebThiThuBangLaiOnline\WebThiThuBangLaiOnline.csproj", "{0C457380-CF34-4FFB-AE51-A15A0C7912AA}"
EndProject
Global
	GlobalSection(SolutionConfigurationPlatforms) = preSolution
		Debug|Any CPU = Debug|Any CPU
		Release|Any CPU = Release|Any CPU
	EndGlobalSection
	GlobalSection(ProjectConfigurationPlatforms) = postSolution
		{0C457380-CF34-4FFB-AE51-A15A0C7912AA}.Debug|Any CPU.ActiveCfg = Debug|Any CPU
		{0C457380-CF34-4FFB-AE51-A15A0C7912AA}.Debug|Any CPU.Build.0 = Debug|Any CPU
		{0C457380-CF34-4FFB-AE51-A15A0C7912AA}.Release|Any CPU.ActiveCfg = Release|Any CPU
		{0C457380-CF34-4FFB-AE51-A15A0C7912AA}.Release|Any CPU.Build.0 = Release|Any CPU
	EndGlobalSection
	GlobalSection(SolutionProperties) = preSolution
		HideSolutionNode = FALSE
	EndGlobalSection
	GlobalSection(ExtensibilityGlobals) = postSolution
		SolutionGuid = {7DC46981-C1CA-4F64-B451-F5DF7C7E5B4A}
	EndGlobalSection
EndGlobal
